// !$*UTF8*$!
{
	archiveVersion = 1;
	classes = {
	};
	objectVersion = 46;
	objects = {

/* Begin PBXBuildFile section */
		371848AE1D251CC7008D087A /* UIKit.framework in Frameworks */ = {isa = PBXBuildFile; fileRef = 371848AD1D251CC7008D087A /* UIKit.framework */; };
		37FB9C791D24F9A80079BD8A /* main.m in Sources */ = {isa = PBXBuildFile; fileRef = 37FB9C781D24F9A80079BD8A /* main.m */; };
		37FB9C7C1D24F9A80079BD8A /* AppDelegate.m in Sources */ = {isa = PBXBuildFile; fileRef = 37FB9C7B1D24F9A80079BD8A /* AppDelegate.m */; };
		37FB9C841D24F9A80079BD8A /* Assets.xcassets in Resources */ = {isa = PBXBuildFile; fileRef = 37FB9C831D24F9A80079BD8A /* Assets.xcassets */; };
		37FB9C871D24F9A80079BD8A /* LaunchScreen.storyboard in Resources */ = {isa = PBXBuildFile; fileRef = 37FB9C851D24F9A80079BD8A /* LaunchScreen.storyboard */; };
		37FB9C911D24FA330079BD8A /* CDMainViewController.m in Sources */ = {isa = PBXBuildFile; fileRef = 37FB9C901D24FA330079BD8A /* CDMainViewController.m */; };
/* End PBXBuildFile section */

/* Begin PBXFileReference section */
		371848AD1D251CC7008D087A /* UIKit.framework */ = {isa = PBXFileReference; lastKnownFileType = wrapper.framework; name = UIKit.framework; path = System/Library/Frameworks/UIKit.framework; sourceTree = SDKROOT; };
		37FB9C741D24F9A80079BD8A /* CDCategoryAndDefine.app */ = {isa = PBXFileReference; explicitFileType = wrapper.application; includeInIndex = 0; path = CDCategoryAndDefine.app; sourceTree = BUILT_PRODUCTS_DIR; };
		37FB9C781D24F9A80079BD8A /* main.m */ = {isa = PBXFileReference; lastKnownFileType = sourcecode.c.objc; path = main.m; sourceTree = "<group>"; };
		37FB9C7A1D24F9A80079BD8A /* AppDelegate.h */ = {isa = PBXFileReference; lastKnownFileType = sourcecode.c.h; path = AppDelegate.h; sourceTree = "<group>"; };
		37FB9C7B1D24F9A80079BD8A /* AppDelegate.m */ = {isa = PBXFileReference; lastKnownFileType = sourcecode.c.objc; path = AppDelegate.m; sourceTree = "<group>"; };
		37FB9C831D24F9A80079BD8A /* Assets.xcassets */ = {isa = PBXFileReference; lastKnownFileType = folder.assetcatalog; path = Assets.xcassets; sourceTree = "<group>"; };
		37FB9C861D24F9A80079BD8A /* Base */ = {isa = PBXFileReference; lastKnownFileType = file.storyboard; name = Base; path = Base.lproj/LaunchScreen.storyboard; sourceTree = "<group>"; };
		37FB9C881D24F9A80079BD8A /* Info.plist */ = {isa = PBXFileReference; lastKnownFileType = text.plist.xml; path = Info.plist; sourceTree = "<group>"; };
		37FB9C8F1D24FA330079BD8A /* CDMainViewController.h */ = {isa = PBXFileReference; fileEncoding = 4; lastKnownFileType = sourcecode.c.h; path = CDMainViewController.h; sourceTree = "<group>"; };
		37FB9C901D24FA330079BD8A /* CDMainViewController.m */ = {isa = PBXFileReference; fileEncoding = 4; lastKnownFileType = sourcecode.c.objc; path = CDMainViewController.m; sourceTree = "<group>"; };
		37FE3DCD1D24FDE800C9125C /* PrefixHeader.pch */ = {isa = PBXFileReference; fileEncoding = 4; lastKnownFileType = sourcecode.c.h; path = PrefixHeader.pch; sourceTree = "<group>"; };
		37FE3DD01D24FE8E00C9125C /* CDHeaderDefine.h */ = {isa = PBXFileReference; fileEncoding = 4; lastKnownFileType = sourcecode.c.h; path = CDHeaderDefine.h; sourceTree = "<group>"; };
/* End PBXFileReference section */

/* Begin PBXFrameworksBuildPhase section */
		37FB9C711D24F9A80079BD8A /* Frameworks */ = {
			isa = PBXFrameworksBuildPhase;
			buildActionMask = 2147483647;
			files = (
				371848AE1D251CC7008D087A /* UIKit.framework in Frameworks */,
			);
			runOnlyForDeploymentPostprocessing = 0;
		};
/* End PBXFrameworksBuildPhase section */

/* Begin PBXGroup section */
		371848AC1D251CBA008D087A /* Frameworks */ = {
			isa = PBXGroup;
			children = (
				371848AD1D251CC7008D087A /* UIKit.framework */,
			);
			name = Frameworks;
			sourceTree = "<group>";
		};
		37FB9C6B1D24F9A80079BD8A = {
			isa = PBXGroup;
			children = (
				371848AC1D251CBA008D087A /* Frameworks */,
				37FB9C761D24F9A80079BD8A /* CDCategoryAndDefine */,
				37FB9C751D24F9A80079BD8A /* Products */,
			);
			sourceTree = "<group>";
		};
		37FB9C751D24F9A80079BD8A /* Products */ = {
			isa = PBXGroup;
			children = (
				37FB9C741D24F9A80079BD8A /* CDCategoryAndDefine.app */,
			);
			name = Products;
			sourceTree = "<group>";
		};
		37FB9C761D24F9A80079BD8A /* CDCategoryAndDefine */ = {
			isa = PBXGroup;
			children = (
				37FE3DCE1D24FE5500C9125C /* Libs */,
				37FB9C8E1D24FA0B0079BD8A /* Class */,
				37FB9C831D24F9A80079BD8A /* Assets.xcassets */,
				37FB9C771D24F9A80079BD8A /* Supporting Files */,
			);
			path = CDCategoryAndDefine;
			sourceTree = "<group>";
		};
		37FB9C771D24F9A80079BD8A /* Supporting Files */ = {
			isa = PBXGroup;
			children = (
				37FE3DCD1D24FDE800C9125C /* PrefixHeader.pch */,
				37FB9C7A1D24F9A80079BD8A /* AppDelegate.h */,
				37FB9C7B1D24F9A80079BD8A /* AppDelegate.m */,
				37FB9C851D24F9A80079BD8A /* LaunchScreen.storyboard */,
				37FB9C881D24F9A80079BD8A /* Info.plist */,
				37FB9C781D24F9A80079BD8A /* main.m */,
			);
			name = "Supporting Files";
			sourceTree = "<group>";
		};
		37FB9C8E1D24FA0B0079BD8A /* Class */ = {
			isa = PBXGroup;
			children = (
				37FB9C8F1D24FA330079BD8A /* CDMainViewController.h */,
				37FB9C901D24FA330079BD8A /* CDMainViewController.m */,
			);
			path = Class;
			sourceTree = "<group>";
		};
		37FE3DCE1D24FE5500C9125C /* Libs */ = {
			isa = PBXGroup;
			children = (
				37FE3DD01D24FE8E00C9125C /* CDHeaderDefine.h */,
			);
			path = Libs;
			sourceTree = "<group>";
		};
/* End PBXGroup section */

/* Begin PBXNativeTarget section */
		37FB9C731D24F9A80079BD8A /* CDCategoryAndDefine */ = {
			isa = PBXNativeTarget;
			buildConfigurationList = 37FB9C8B1D24F9A80079BD8A /* Build configuration list for PBXNativeTarget "CDCategoryAndDefine" */;
			buildPhases = (
				37FB9C701D24F9A80079BD8A /* Sources */,
				37FB9C711D24F9A80079BD8A /* Frameworks */,
				37FB9C721D24F9A80079BD8A /* Resources */,
			);
			buildRules = (
			);
			dependencies = (
			);
			name = CDCategoryAndDefine;
			productName = CDCategoryAndDefine;
			productReference = 37FB9C741D24F9A80079BD8A /* CDCategoryAndDefine.app */;
			productType = "com.apple.product-type.application";
		};
/* End PBXNativeTarget section */

/* Begin PBXProject section */
		37FB9C6C1D24F9A80079BD8A /* Project object */ = {
			isa = PBXProject;
			attributes = {
				LastUpgradeCheck = 0730;
				ORGANIZATIONNAME = Cindy;
				TargetAttributes = {
					37FB9C731D24F9A80079BD8A = {
						CreatedOnToolsVersion = 7.3.1;
					};
				};
			};
			buildConfigurationList = 37FB9C6F1D24F9A80079BD8A /* Build configuration list for PBXProject "CDCategoryAndDefine" */;
			compatibilityVersion = "Xcode 3.2";
			developmentRegion = English;
			hasScannedForEncodings = 0;
			knownRegions = (
				en,
				Base,
			);
			mainGroup = 37FB9C6B1D24F9A80079BD8A;
			productRefGroup = 37FB9C751D24F9A80079BD8A /* Products */;
			projectDirPath = "";
			projectRoot = "";
			targets = (
				37FB9C731D24F9A80079BD8A /* CDCategoryAndDefine */,
			);
		};
/* End PBXProject section */

/* Begin PBXResourcesBuildPhase section */
		37FB9C721D24F9A80079BD8A /* Resources */ = {
			isa = PBXResourcesBuildPhase;
			buildActionMask = 2147483647;
			files = (
				37FB9C871D24F9A80079BD8A /* LaunchScreen.storyboard in Resources */,
				37FB9C841D24F9A80079BD8A /* Assets.xcassets in Resources */,
			);
			runOnlyForDeploymentPostprocessing = 0;
		};
/* End PBXResourcesBuildPhase section */

/* Begin PBXSourcesBuildPhase section */
		37FB9C701D24F9A80079BD8A /* Sources */ = {
			isa = PBXSourcesBuildPhase;
			buildActionMask = 2147483647;
			files = (
				37FB9C7C1D24F9A80079BD8A /* AppDelegate.m in Sources */,
				37FB9C911D24FA330079BD8A /* CDMainViewController.m in Sources */,
				37FB9C791D24F9A80079BD8A /* main.m in Sources */,
			);
			runOnlyForDeploymentPostprocessing = 0;
		};
/* End PBXSourcesBuildPhase section */

/* Begin PBXVariantGroup section */
		37FB9C851D24F9A80079BD8A /* LaunchScreen.storyboard */ = {
			isa = PBXVariantGroup;
			children = (
				37FB9C861D24F9A80079BD8A /* Base */,
			);
			name = LaunchScreen.storyboard;
			sourceTree = "<group>";
		};
/* End PBXVariantGroup section */

/* Begin XCBuildConfiguration section */
		37FB9C891D24F9A80079BD8A /* Debug */ = {
			isa = XCBuildConfiguration;
			buildSettings = {
				ALWAYS_SEARCH_USER_PATHS = NO;
				CLANG_ANALYZER_NONNULL = YES;
				CLANG_CXX_LANGUAGE_STANDARD = "gnu++0x";
				CLANG_CXX_LIBRARY = "libc++";
				CLANG_ENABLE_MODULES = YES;
				CLANG_ENABLE_OBJC_ARC = YES;
				CLANG_WARN_BOOL_CONVERSION = YES;
				CLANG_WARN_CONSTANT_CONVERSION = YES;
				CLANG_WARN_DIRECT_OBJC_ISA_USAGE = YES_ERROR;
				CLANG_WARN_EMPTY_BODY = YES;
				CLANG_WARN_ENUM_CONVERSION = YES;
				CLANG_WARN_INT_CONVERSION = YES;
				CLANG_WARN_OBJC_ROOT_CLASS = YES_ERROR;
				CLANG_WARN_UNREACHABLE_CODE = YES;
				CLANG_WARN__DUPLICATE_METHOD_MATCH = YES;
				"CODE_SIGN_IDENTITY[sdk=iphoneos*]" = "iPhone Developer";
				COPY_PHASE_STRIP = NO;
				DEBUG_INFORMATION_FORMAT = dwarf;
				ENABLE_STRICT_OBJC_MSGSEND = YES;
				ENABLE_TESTABILITY = YES;
				GCC_C_LANGUAGE_STANDARD = gnu99;
				GCC_DYNAMIC_NO_PIC = NO;
				GCC_NO_COMMON_BLOCKS = YES;
				GCC_OPTIMIZATION_LEVEL = 0;
				GCC_PREPROCESSOR_DEFINITIONS = (
					"DEBUG=1",
					"$(inherited)",
				);
				GCC_WARN_64_TO_32_BIT_CONVERSION = YES;
				GCC_WARN_ABOUT_RETURN_TYPE = YES_ERROR;
				GCC_WARN_UNDECLARED_SELECTOR = YES;
				GCC_WARN_UNINITIALIZED_AUTOS = YES_AGGRESSIVE;
				GCC_WARN_UNUSED_FUNCTION = YES;
				GCC_WARN_UNUSED_VARIABLE = YES;
				IPHONEOS_DEPLOYMENT_TARGET = 9.3;
				MTL_ENABLE_DEBUG_INFO = YES;
				ONLY_ACTIVE_ARCH = YES;
				SDKROOT = iphoneos;
			};
			name = Debug;
		};
		37FB9C8A1D24F9A80079BD8A /* Release */ = {
			isa = XCBuildConfiguration;
			buildSettings = {
				ALWAYS_SEARCH_USER_PATHS = NO;
				CLANG_ANALYZER_NONNULL = YES;
				CLANG_CXX_LANGUAGE_STANDARD = "gnu++0x";
				CLANG_CXX_LIBRARY = "libc++";
				CLANG_ENABLE_MODULES = YES;
				CLANG_ENABLE_OBJC_ARC = YES;
				CLANG_WARN_BOOL_CONVERSION = YES;
				CLANG_WARN_CONSTANT_CONVERSION = YES;
				CLANG_WARN_DIRECT_OBJC_ISA_USAGE = YES_ERROR;
				CLANG_WARN_EMPTY_BODY = YES;
				CLANG_WARN_ENUM_CONVERSION = YES;
				CLANG_WARN_INT_CONVERSION = YES;
				CLANG_WARN_OBJC_ROOT_CLASS = YES_ERROR;
				CLANG_WARN_UNREACHABLE_CODE = YES;
				CLANG_WARN__DUPLICATE_METHOD_MATCH = YES;
				"CODE_SIGN_IDENTITY[sdk=iphoneos*]" = "iPhone Developer";
				COPY_PHASE_STRIP = NO;
				DEBUG_INFORMATION_FORMAT = "dwarf-with-dsym";
				ENABLE_NS_ASSERTIONS = NO;
				ENABLE_STRICT_OBJC_MSGSEND = YES;
				GCC_C_LANGUAGE_STANDARD = gnu99;
				GCC_NO_COMMON_BLOCKS = YES;
				GCC_WARN_64_TO_32_BIT_CONVERSION = YES;
				GCC_WARN_ABOUT_RETURN_TYPE = YES_ERROR;
				GCC_WARN_UNDECLARED_SELECTOR = YES;
				GCC_WARN_UNINITIALIZED_AUTOS = YES_AGGRESSIVE;
				GCC_WARN_UNUSED_FUNCTION = YES;
				GCC_WARN_UNUSED_VARIABLE = YES;
				IPHONEOS_DEPLOYMENT_TARGET = 9.3;
				MTL_ENABLE_DEBUG_INFO = NO;
				SDKROOT = iphoneos;
				VALIDATE_PRODUCT = YES;
			};
			name = Release;
		};
		37FB9C8C1D24F9A80079BD8A /* Debug */ = {
			isa = XCBuildConfiguration;
			buildSettings = {
				ASSETCATALOG_COMPILER_APPICON_NAME = AppIcon;
				GCC_PREFIX_HEADER = CDCategoryAndDefine/PrefixHeader.pch;
				INFOPLIST_FILE = CDCategoryAndDefine/Info.plist;
				LD_RUNPATH_SEARCH_PATHS = "$(inherited) @executable_path/Frameworks";
				PRODUCT_BUNDLE_IDENTIFIER = com.cindy.source.CDCategoryAndDefine;
				PRODUCT_NAME = "$(TARGET_NAME)";
			};
			name = Debug;
		};
		37FB9C8D1D24F9A80079BD8A /* Release */ = {
			isa = XCBuildConfiguration;
			buildSettings = {
				ASSETCATALOG_COMPILER_APPICON_NAME = AppIcon;
				GCC_PREFIX_HEADER = CDCategoryAndDefine/PrefixHeader.pch;
				INFOPLIST_FILE = CDCategoryAndDefine/Info.plist;
				LD_RUNPATH_SEARCH_PATHS = "$(inherited) @executable_path/Frameworks";
				PRODUCT_BUNDLE_IDENTIFIER = com.cindy.source.CDCategoryAndDefine;
				PRODUCT_NAME = "$(TARGET_NAME)";
			};
			name = Release;
		};
/* End XCBuildConfiguration section */

/* Begin XCConfigurationList section */
		37FB9C6F1D24F9A80079BD8A /* Build configuration list for PBXProject "CDCategoryAndDefine" */ = {
			isa = XCConfigurationList;
			buildConfigurations = (
				37FB9C891D24F9A80079BD8A /* Debug */,
				37FB9C8A1D24F9A80079BD8A /* Release */,
			);
			defaultConfigurationIsVisible = 0;
			defaultConfigurationName = Release;
		};
		37FB9C8B1D24F9A80079BD8A /* Build configuration list for PBXNativeTarget "CDCategoryAndDefine" */ = {
			isa = XCConfigurationList;
			buildConfigurations = (
				37FB9C8C1D24F9A80079BD8A /* Debug */,
				37FB9C8D1D24F9A80079BD8A /* Release */,
			);
			defaultConfigurationIsVisible = 0;
			defaultConfigurationName = Release;
		};
/* End XCConfigurationList section */
	};
	rootObject = 37FB9C6C1D24F9A80079BD8A /* Project object */;
}
